dependencies:
  espressif/cmake_utilities:
    component_hash: 05165f30922b422b4b90c08845e6d449329b97370fbd06309803d8cb539d79e3
    dependencies:
    - name: idf
      require: private
      version: '>=4.1'
    source:
      registry_url: https://components.espressif.com
      type: service
    version: 1.1.1
  espressif/esp32-camera:
    component_hash: a4612fc70434dc400ac7021727fae7b53fabd8d07951833e61f6bd87cadc1b93
    dependencies:
    - name: espressif/esp_jpeg
      registry_url: https://components.espressif.com
      require: public
      version: ^1.3.0
    source:
      registry_url: https://components.espressif.com/
      type: service
    version: 2.0.16
  espressif/esp_jpeg:
    component_hash: fdddaa1ceeee223e0abd7e865b05dbceea7ff175440a5ea26eeff8304564e7aa
    dependencies:
    - name: idf
      require: private
      version: '>=5.0'
    source:
      registry_url: https://components.espressif.com
      type: service
    version: 1.3.0
  espressif/led_strip:
    component_hash: 28c6509a727ef74925b372ed404772aeedf11cce10b78c3f69b3c66799095e2d
    dependencies:
    - name: idf
      require: private
      version: '>=4.4'
    source:
      registry_url: https://components.espressif.com/
      type: service
    version: 2.5.5
  espressif/mdns:
    component_hash: 3ec0af5f6bce310512e90f482388d21cc7c0e99668172d2f895356165fc6f7c5
    dependencies:
    - name: idf
      require: private
      version: '>=5.0'
    source:
      registry_url: https://components.espressif.com/
      type: service
    version: 1.8.2
  espressif/tinyusb:
    component_hash: 10703da2c3cd39a944711ee3d320c6dda54debabf13b4b933a7c90daf102372b
    dependencies:
    - name: idf
      require: private
      version: '>=5.0'
    source:
      registry_url: https://components.espressif.com
      type: service
    targets:
    - esp32s2
    - esp32s3
    - esp32p4
    version: 0.18.0~2
  espressif/usb_device_uvc:
    component_hash: f86ee44e64f3914474919a14ac4d47082d6a2888a62c239e6e9dc58c32da4682
    dependencies:
    - name: espressif/cmake_utilities
      registry_url: https://components.espressif.com
      require: private
      version: '*'
    - name: espressif/tinyusb
      registry_url: https://components.espressif.com
      require: private
      version: '>=0.15.0~10'
    - name: idf
      require: private
      version: '>=5.0'
    source:
      registry_url: https://components.espressif.com/
      type: service
    targets:
    - esp32s2
    - esp32s3
    - esp32p4
    version: 1.1.0
  idf:
    source:
      type: idf
    version: 5.4.1
direct_dependencies:
- espressif/esp32-camera
- espressif/led_strip
- espressif/mdns
- espressif/usb_device_uvc
- idf
manifest_hash: 88034602ca587d2f8f341995cf54484b304ec562c76fd964d594d6d19dbb5fc8
target: esp32s3
version: 2.0.0
